<?xml version="1.0" encoding="utf-8"?>
<Project ToolsVersion="4.0" xmlns="http://schemas.microsoft.com/developer/msbuild/2003">
  <ItemGroup>
    <Filter Include="소스 파일">
      <UniqueIdentifier>{4FC737F1-C7A5-4376-A066-2A32D752A2FF}</UniqueIdentifier>
      <Extensions>cpp;c;cc;cxx;c++;cppm;ixx;def;odl;idl;hpj;bat;asm;asmx</Extensions>
    </Filter>
    <Filter Include="헤더 파일">
      <UniqueIdentifier>{93995380-89BD-4b04-88EB-625FBE52EBFB}</UniqueIdentifier>
      <Extensions>h;hh;hpp;hxx;h++;hm;inl;inc;ipp;xsd</Extensions>
    </Filter>
    <Filter Include="리소스 파일">
      <UniqueIdentifier>{67DA6AB6-F800-4c08-8B7A-83BB121AAD01}</UniqueIdentifier>
      <Extensions>rc;ico;cur;bmp;dlg;rc2;rct;bin;rgs;gif;jpg;jpeg;jpe;resx;tiff;tif;png;wav;mfcribbon-ms</Extensions>
    </Filter>
    <Filter Include="소스 파일\CheckerUnit">
      <UniqueIdentifier>{8ca9faf9-1583-4b00-afd4-d899b7f6ea76}</UniqueIdentifier>
    </Filter>
    <Filter Include="소스 파일\CheckerUnit\UnitTest">
      <UniqueIdentifier>{a6f8e628-cb9c-4cb5-bb14-777d958de1d9}</UniqueIdentifier>
    </Filter>
  </ItemGroup>
  <ItemGroup>
    <ClCompile Include="Lexer.cpp">
      <Filter>소스 파일</Filter>
    </ClCompile>
    <ClCompile Include="main.cpp">
      <Filter>소스 파일</Filter>
    </ClCompile>
<<<<<<< HEAD
    <ClCompile Include="test_lexer.cpp">
      <Filter>소스 파일</Filter>
    </ClCompile>
    <ClCompile Include="$(MSBuildThisFileDirectory)..\..\lib\native\src\gtest\gtest-all.cc">
      <Filter>소스 파일</Filter>
    </ClCompile>
    <ClCompile Include="$(MSBuildThisFileDirectory)..\..\lib\native\src\gmock\gmock-all.cc">
      <Filter>소스 파일</Filter>
    </ClCompile>
    <ClCompile Include="test_lexer.cpp">
      <Filter>소스 파일</Filter>
    </ClCompile>
    <ClCompile Include="$(MSBuildThisFileDirectory)..\..\lib\native\src\gtest\gtest-all.cc">
      <Filter>소스 파일</Filter>
    </ClCompile>
    <ClCompile Include="$(MSBuildThisFileDirectory)..\..\lib\native\src\gmock\gmock-all.cc">
      <Filter>소스 파일</Filter>
    </ClCompile>
    <ClCompile Include="CheckerUnit\CheckerUnit.cpp">
      <Filter>소스 파일\CheckerUnit</Filter>
    </ClCompile>
    <ClCompile Include="CheckerUnit\UnitTest\CheckerUnitTest.cpp">
      <Filter>소스 파일\CheckerUnit\UnitTest</Filter>
    </ClCompile>
=======
    <ClCompile Include="Parser.cpp">
      <Filter>소스 파일</Filter>
    </ClCompile>
    <ClCompile Include="ParserTest.cpp">
      <Filter>소스 파일</Filter>
    </ClCompile>
>>>>>>> 60839fb ([feature] Implement print statement.)
  </ItemGroup>
  <ItemGroup>
    <None Include="packages.config" />
  </ItemGroup>
  <ItemGroup>
    <ClInclude Include="Expr.h">
      <Filter>헤더 파일</Filter>
    </ClInclude>
    <ClInclude Include="Lexer.h">
      <Filter>헤더 파일</Filter>
    </ClInclude>
    <ClInclude Include="Stmt.h">
      <Filter>헤더 파일</Filter>
    </ClInclude>
    <ClInclude Include="Token.h">
      <Filter>헤더 파일</Filter>
    </ClInclude>
<<<<<<< HEAD
    <ClInclude Include="CheckerUnit\CheckerUnit.h">
      <Filter>소스 파일\CheckerUnit</Filter>
    </ClInclude>
    <ClInclude Include="CheckerUnit\CheckerError.h">
      <Filter>소스 파일\CheckerUnit</Filter>
=======
    <ClInclude Include="Parser.h">
      <Filter>헤더 파일</Filter>
>>>>>>> 60839fb ([feature] Implement print statement.)
    </ClInclude>
  </ItemGroup>
</Project>